PODS:
  - AppImageViewer (1.0.3)
  - Crashlytics (3.10.1):
    - Fabric (~> 1.7.5)
  - Fabric (1.7.6)
  - Realm (3.5.0):
    - Realm/Headers (= 3.5.0)
  - Realm/Headers (3.5.0)
  - RealmSwift (3.5.0):
    - Realm (= 3.5.0)

DEPENDENCIES:
  - AppImageViewer
  - Crashlytics
  - Fabric
  - RealmSwift

SPEC REPOS:
  https://github.com/cocoapods/specs.git:
    - AppImageViewer
    - Crashlytics
    - Fabric
    - Realm
    - RealmSwift

SPEC CHECKSUMS:
  AppImageViewer: 57330743b4c8b007ab05ad2e57cdaac931c951ab
  Crashlytics: aee1a064cbbf99b32efa3f056a5f458d846bc8ff
  Fabric: f8d42c893bb187326a7968b62abe55c36a987a46
  Realm: 0378021c424e4e2bd6a0e63b27881e929d9b9ad1
  RealmSwift: 3322562622fda2ad596985ead4d8d8be30cf838c

PODFILE CHECKSUM: 1fbdccd5fda1b04b9abdccfd0cfa58f8b6b279ba

COCOAPODS: 1.5.3
