// !$*UTF8*$!
{
	archiveVersion = 1;
	classes = {
	};
	objectVersion = 50;
	objects = {

/* Begin PBXBuildFile section */
		274D09A42099F29000765337 /* AppDelegate.swift in Sources */ = {isa = PBXBuildFile; fileRef = 274D09A32099F29000765337 /* AppDelegate.swift */; };
		274D09A92099F29000765337 /* Main.storyboard in Resources */ = {isa = PBXBuildFile; fileRef = 274D09A72099F29000765337 /* Main.storyboard */; };
		274D09AB2099F29200765337 /* Assets.xcassets in Resources */ = {isa = PBXBuildFile; fileRef = 274D09AA2099F29200765337 /* Assets.xcassets */; };
		274D09AE2099F29200765337 /* LaunchScreen.storyboard in Resources */ = {isa = PBXBuildFile; fileRef = 274D09AC2099F29200765337 /* LaunchScreen.storyboard */; };
		27E5C42D209B3E99006BEFFA /* AssetsLibrary.framework in Frameworks */ = {isa = PBXBuildFile; fileRef = 27E5C42C209B3E99006BEFFA /* AssetsLibrary.framework */; };
		27E5C42F209B3EA3006BEFFA /* CoreGraphics.framework in Frameworks */ = {isa = PBXBuildFile; fileRef = 27E5C42E209B3EA3006BEFFA /* CoreGraphics.framework */; };
		27E5C431209B3EAB006BEFFA /* CoreMedia.framework in Frameworks */ = {isa = PBXBuildFile; fileRef = 27E5C430209B3EAB006BEFFA /* CoreMedia.framework */; };
		27E5C433209B3EB1006BEFFA /* CoreFoundation.framework in Frameworks */ = {isa = PBXBuildFile; fileRef = 27E5C432209B3EB1006BEFFA /* CoreFoundation.framework */; };
		27E5C435209B3EBA006BEFFA /* Accelerate.framework in Frameworks */ = {isa = PBXBuildFile; fileRef = 27E5C434209B3EBA006BEFFA /* Accelerate.framework */; };
		27E5C437209B3EC6006BEFFA /* CoreImage.framework in Frameworks */ = {isa = PBXBuildFile; fileRef = 27E5C436209B3EC5006BEFFA /* CoreImage.framework */; };
		27E5C439209B3ECF006BEFFA /* CoreVideo.framework in Frameworks */ = {isa = PBXBuildFile; fileRef = 27E5C438209B3ECF006BEFFA /* CoreVideo.framework */; };
		27E5C43B209B3ED5006BEFFA /* Foundation.framework in Frameworks */ = {isa = PBXBuildFile; fileRef = 27E5C43A209B3ED5006BEFFA /* Foundation.framework */; };
		27E5C43D209B3EDA006BEFFA /* UIKit.framework in Frameworks */ = {isa = PBXBuildFile; fileRef = 27E5C43C209B3EDA006BEFFA /* UIKit.framework */; };
		485502FA7DC38879F975D4E4 /* Pods_SantheraUITests.framework in Frameworks */ = {isa = PBXBuildFile; fileRef = 80958E0B64C38AC41D457882 /* Pods_SantheraUITests.framework */; };
		5F887B1BD52D3B4D32BA1000 /* Pods_Santhera.framework in Frameworks */ = {isa = PBXBuildFile; fileRef = 92E273F8AEB502869D236B1F /* Pods_Santhera.framework */; };
		84092CCEA1E78491F768E908 /* Pods_SantheraTests.framework in Frameworks */ = {isa = PBXBuildFile; fileRef = 11E9DAA1D10BF2392F839B08 /* Pods_SantheraTests.framework */; };
		EA52280620BFEFDF00752C29 /* SantheraTests.swift in Sources */ = {isa = PBXBuildFile; fileRef = EA52280520BFEFDF00752C29 /* SantheraTests.swift */; };
		EA52281520BFEFF900752C29 /* SantheraUITests.swift in Sources */ = {isa = PBXBuildFile; fileRef = EA52281420BFEFF900752C29 /* SantheraUITests.swift */; };
		EA52281E20BFF0C000752C29 /* ViewController.swift in Sources */ = {isa = PBXBuildFile; fileRef = EA52281D20BFF0C000752C29 /* ViewController.swift */; };
		EA52282020BFF2EB00752C29 /* fastlane in Resources */ = {isa = PBXBuildFile; fileRef = EA52281F20BFF2EB00752C29 /* fastlane */; };
		EA52282220BFF47B00752C29 /* .gitignore in Resources */ = {isa = PBXBuildFile; fileRef = EA52282120BFF47B00752C29 /* .gitignore */; };
		EA52282720BFF85B00752C29 /* Localizable.strings in Resources */ = {isa = PBXBuildFile; fileRef = EA52282520BFF85B00752C29 /* Localizable.strings */; };
		EA52286E20C0226100752C29 /* SHSKProductExtension.swift in Sources */ = {isa = PBXBuildFile; fileRef = EA52283120C0226100752C29 /* SHSKProductExtension.swift */; };
		EA52286F20C0226100752C29 /* SHCreditCardValidator.swift in Sources */ = {isa = PBXBuildFile; fileRef = EA52283220C0226100752C29 /* SHCreditCardValidator.swift */; };
		EA52287020C0226100752C29 /* SHNotificationExtension.swift in Sources */ = {isa = PBXBuildFile; fileRef = EA52283320C0226100752C29 /* SHNotificationExtension.swift */; };
		EA52287120C0226100752C29 /* SHKeyboardViewController.swift in Sources */ = {isa = PBXBuildFile; fileRef = EA52283420C0226100752C29 /* SHKeyboardViewController.swift */; };
		EA52287220C0226100752C29 /* SHLocalizationHelper.swift in Sources */ = {isa = PBXBuildFile; fileRef = EA52283520C0226100752C29 /* SHLocalizationHelper.swift */; };
		EA52287320C0226100752C29 /* SHRightImageButton.swift in Sources */ = {isa = PBXBuildFile; fileRef = EA52283720C0226100752C29 /* SHRightImageButton.swift */; };
		EA52287420C0226100752C29 /* SHUINavigationBarExtension.swift in Sources */ = {isa = PBXBuildFile; fileRef = EA52283820C0226100752C29 /* SHUINavigationBarExtension.swift */; };
		EA52287520C0226100752C29 /* SHUIFontExtension.swift in Sources */ = {isa = PBXBuildFile; fileRef = EA52283920C0226100752C29 /* SHUIFontExtension.swift */; };
		EA52287620C0226100752C29 /* SHCommonInitView.swift in Sources */ = {isa = PBXBuildFile; fileRef = EA52283A20C0226100752C29 /* SHCommonInitView.swift */; };
		EA52287720C0226100752C29 /* SHUIAlertController.swift in Sources */ = {isa = PBXBuildFile; fileRef = EA52283B20C0226100752C29 /* SHUIAlertController.swift */; };
		EA52287820C0226100752C29 /* SHPagedScrollView.swift in Sources */ = {isa = PBXBuildFile; fileRef = EA52283C20C0226100752C29 /* SHPagedScrollView.swift */; };
		EA52287920C0226100752C29 /* SHStatusBarNavigationController.swift in Sources */ = {isa = PBXBuildFile; fileRef = EA52283D20C0226100752C29 /* SHStatusBarNavigationController.swift */; };
		EA52287A20C0226100752C29 /* SHDatePickerController.swift in Sources */ = {isa = PBXBuildFile; fileRef = EA52283E20C0226100752C29 /* SHDatePickerController.swift */; };
		EA52287B20C0226100752C29 /* SHCALayerExtension.swift in Sources */ = {isa = PBXBuildFile; fileRef = EA52283F20C0226100752C29 /* SHCALayerExtension.swift */; };
		EA52287C20C0226100752C29 /* SHIBInspectableExtension.swift in Sources */ = {isa = PBXBuildFile; fileRef = EA52284020C0226100752C29 /* SHIBInspectableExtension.swift */; };
		EA52287D20C0226100752C29 /* SHNoBackTitleViewController.swift in Sources */ = {isa = PBXBuildFile; fileRef = EA52284120C0226100752C29 /* SHNoBackTitleViewController.swift */; };
		EA52287E20C0226100752C29 /* SHUIScrollViewExtension.swift in Sources */ = {isa = PBXBuildFile; fileRef = EA52284220C0226100752C29 /* SHUIScrollViewExtension.swift */; };
		EA52287F20C0226100752C29 /* SHUIColorExtension.swift in Sources */ = {isa = PBXBuildFile; fileRef = EA52284320C0226100752C29 /* SHUIColorExtension.swift */; };
		EA52288020C0226100752C29 /* SHAttributedLabel.swift in Sources */ = {isa = PBXBuildFile; fileRef = EA52284420C0226100752C29 /* SHAttributedLabel.swift */; };
		EA52288120C0226100752C29 /* SHSeparatorView.swift in Sources */ = {isa = PBXBuildFile; fileRef = EA52284520C0226100752C29 /* SHSeparatorView.swift */; };
		EA52288220C0226100752C29 /* SHUIViewControllerExtension.swift in Sources */ = {isa = PBXBuildFile; fileRef = EA52284620C0226100752C29 /* SHUIViewControllerExtension.swift */; };
		EA52288320C0226100752C29 /* SHCircleView.swift in Sources */ = {isa = PBXBuildFile; fileRef = EA52284720C0226100752C29 /* SHCircleView.swift */; };
		EA52288420C0226100752C29 /* SHPopupPresentationController.swift in Sources */ = {isa = PBXBuildFile; fileRef = EA52284820C0226100752C29 /* SHPopupPresentationController.swift */; };
		EA52288520C0226100752C29 /* SHUIImageExtension.swift in Sources */ = {isa = PBXBuildFile; fileRef = EA52284920C0226100752C29 /* SHUIImageExtension.swift */; };
		EA52288620C0226100752C29 /* SHUIViewExtension.swift in Sources */ = {isa = PBXBuildFile; fileRef = EA52284A20C0226100752C29 /* SHUIViewExtension.swift */; };
		EA52288720C0226100752C29 /* SHUIScreenExtension.swift in Sources */ = {isa = PBXBuildFile; fileRef = EA52284B20C0226100752C29 /* SHUIScreenExtension.swift */; };
		EA52288820C0226100752C29 /* SHNavigationControllerExtention.swift in Sources */ = {isa = PBXBuildFile; fileRef = EA52284C20C0226100752C29 /* SHNavigationControllerExtention.swift */; };
		EA52288920C0226100752C29 /* SHUIButtonExtension.swift in Sources */ = {isa = PBXBuildFile; fileRef = EA52284D20C0226100752C29 /* SHUIButtonExtension.swift */; };
		EA52288A20C0226100752C29 /* SHGradientView.swift in Sources */ = {isa = PBXBuildFile; fileRef = EA52284E20C0226100752C29 /* SHGradientView.swift */; };
		EA52288B20C0226100752C29 /* SHUITextFieldExtension.swift in Sources */ = {isa = PBXBuildFile; fileRef = EA52284F20C0226100752C29 /* SHUITextFieldExtension.swift */; };
		EA52288C20C0226100752C29 /* SHGif.swift in Sources */ = {isa = PBXBuildFile; fileRef = EA52285020C0226100752C29 /* SHGif.swift */; };
		EA52288D20C0226100752C29 /* SHTextField.swift in Sources */ = {isa = PBXBuildFile; fileRef = EA52285120C0226100752C29 /* SHTextField.swift */; };
		EA52288E20C0226100752C29 /* SHNSDateFormatterExtension.swift in Sources */ = {isa = PBXBuildFile; fileRef = EA52285320C0226100752C29 /* SHNSDateFormatterExtension.swift */; };
		EA52288F20C0226100752C29 /* SHDateFormatterProximity.swift in Sources */ = {isa = PBXBuildFile; fileRef = EA52285420C0226100752C29 /* SHDateFormatterProximity.swift */; };
		EA52289020C0226100752C29 /* SHNSDateExtension.swift in Sources */ = {isa = PBXBuildFile; fileRef = EA52285520C0226100752C29 /* SHNSDateExtension.swift */; };
		EA52289120C0226100752C29 /* SHNSTimeIntervalExtension.swift in Sources */ = {isa = PBXBuildFile; fileRef = EA52285620C0226100752C29 /* SHNSTimeIntervalExtension.swift */; };
		EA52289220C0226100752C29 /* NumbersConvertion.swift in Sources */ = {isa = PBXBuildFile; fileRef = EA52285820C0226100752C29 /* NumbersConvertion.swift */; };
		EA52289320C0226100752C29 /* SHArrayExtension.swift in Sources */ = {isa = PBXBuildFile; fileRef = EA52285920C0226100752C29 /* SHArrayExtension.swift */; };
		EA52289520C0226100752C29 /* SHIntExtension.swift in Sources */ = {isa = PBXBuildFile; fileRef = EA52285B20C0226100752C29 /* SHIntExtension.swift */; };
		EA52289620C0226100752C29 /* SHStringExtension.swift in Sources */ = {isa = PBXBuildFile; fileRef = EA52285C20C0226100752C29 /* SHStringExtension.swift */; };
		EA52289720C0226100752C29 /* SHNumberExtension.swift in Sources */ = {isa = PBXBuildFile; fileRef = EA52285D20C0226100752C29 /* SHNumberExtension.swift */; };
		EA52289820C0226100752C29 /* SHDeviceType.swift in Sources */ = {isa = PBXBuildFile; fileRef = EA52285E20C0226100752C29 /* SHDeviceType.swift */; };
		EA52289920C0226100752C29 /* SHOperation.swift in Sources */ = {isa = PBXBuildFile; fileRef = EA52285F20C0226100752C29 /* SHOperation.swift */; };
		EA52289A20C0226100752C29 /* SHDegreesToRadiansExtension.swift in Sources */ = {isa = PBXBuildFile; fileRef = EA52286020C0226100752C29 /* SHDegreesToRadiansExtension.swift */; };
		EA52289B20C0226100752C29 /* SHNSDataExtension.swift in Sources */ = {isa = PBXBuildFile; fileRef = EA52286120C0226100752C29 /* SHNSDataExtension.swift */; };
		EA52289C20C0226100752C29 /* SHComparisonHelpers.swift in Sources */ = {isa = PBXBuildFile; fileRef = EA52286220C0226100752C29 /* SHComparisonHelpers.swift */; };
		EA52289D20C0226100752C29 /* SHComparisonHelper.swift in Sources */ = {isa = PBXBuildFile; fileRef = EA52286320C0226100752C29 /* SHComparisonHelper.swift */; };
		EA52289E20C0226100752C29 /* URLRequestExtension.swift in Sources */ = {isa = PBXBuildFile; fileRef = EA52286420C0226100752C29 /* URLRequestExtension.swift */; };
		EA52289F20C0226100752C29 /* Debounce+Throttle.swift in Sources */ = {isa = PBXBuildFile; fileRef = EA52286520C0226100752C29 /* Debounce+Throttle.swift */; };
		EA5228A020C0226100752C29 /* SHNSObjectExtension.swift in Sources */ = {isa = PBXBuildFile; fileRef = EA52286620C0226100752C29 /* SHNSObjectExtension.swift */; };
		EA5228A120C0226100752C29 /* SHNSTimerExtension.swift in Sources */ = {isa = PBXBuildFile; fileRef = EA52286720C0226100752C29 /* SHNSTimerExtension.swift */; };
		EA5228A220C0226100752C29 /* SHMulticastDelegate.swift in Sources */ = {isa = PBXBuildFile; fileRef = EA52286820C0226100752C29 /* SHMulticastDelegate.swift */; };
		EA5228A420C0226100752C29 /* SHManagedObjectContext+CascadeSave.swift in Sources */ = {isa = PBXBuildFile; fileRef = EA52286C20C0226100752C29 /* SHManagedObjectContext+CascadeSave.swift */; };
		EA5228A520C0226100752C29 /* SHNamedEntity.swift in Sources */ = {isa = PBXBuildFile; fileRef = EA52286D20C0226100752C29 /* SHNamedEntity.swift */; };
/* End PBXBuildFile section */

/* Begin PBXContainerItemProxy section */
		EA52280820BFEFDF00752C29 /* PBXContainerItemProxy */ = {
			isa = PBXContainerItemProxy;
			containerPortal = 274D09982099F29000765337 /* Project object */;
			proxyType = 1;
			remoteGlobalIDString = 274D099F2099F29000765337;
			remoteInfo = Santhera;
		};
		EA52281720BFEFF900752C29 /* PBXContainerItemProxy */ = {
			isa = PBXContainerItemProxy;
			containerPortal = 274D09982099F29000765337 /* Project object */;
			proxyType = 1;
			remoteGlobalIDString = 274D099F2099F29000765337;
			remoteInfo = Santhera;
		};
/* End PBXContainerItemProxy section */

/* Begin PBXFileReference section */
		00B6B005C8FBB8E0E735C2CD /* Pods-SantheraUITests.inhouse.xcconfig */ = {isa = PBXFileReference; includeInIndex = 1; lastKnownFileType = text.xcconfig; name = "Pods-SantheraUITests.inhouse.xcconfig"; path = "Pods/Target Support Files/Pods-SantheraUITests/Pods-SantheraUITests.inhouse.xcconfig"; sourceTree = "<group>"; };
		0BE4A706A6A6C3FCBF4BD1C8 /* Pods-SantheraTests.inhouse.xcconfig */ = {isa = PBXFileReference; includeInIndex = 1; lastKnownFileType = text.xcconfig; name = "Pods-SantheraTests.inhouse.xcconfig"; path = "Pods/Target Support Files/Pods-SantheraTests/Pods-SantheraTests.inhouse.xcconfig"; sourceTree = "<group>"; };
		11E9DAA1D10BF2392F839B08 /* Pods_SantheraTests.framework */ = {isa = PBXFileReference; explicitFileType = wrapper.framework; includeInIndex = 0; path = Pods_SantheraTests.framework; sourceTree = BUILT_PRODUCTS_DIR; };
		17E8AA1B5CDD001048630D81 /* Pods-Santhera.release.xcconfig */ = {isa = PBXFileReference; includeInIndex = 1; lastKnownFileType = text.xcconfig; name = "Pods-Santhera.release.xcconfig"; path = "Pods/Target Support Files/Pods-Santhera/Pods-Santhera.release.xcconfig"; sourceTree = "<group>"; };
		18C618E5233A78CBD09EC62C /* Pods-SantheraTests.debug.xcconfig */ = {isa = PBXFileReference; includeInIndex = 1; lastKnownFileType = text.xcconfig; name = "Pods-SantheraTests.debug.xcconfig"; path = "Pods/Target Support Files/Pods-SantheraTests/Pods-SantheraTests.debug.xcconfig"; sourceTree = "<group>"; };
		1C9F21C47809DA59B38CBCBC /* Pods-Santhera.inhouse.xcconfig */ = {isa = PBXFileReference; includeInIndex = 1; lastKnownFileType = text.xcconfig; name = "Pods-Santhera.inhouse.xcconfig"; path = "Pods/Target Support Files/Pods-Santhera/Pods-Santhera.inhouse.xcconfig"; sourceTree = "<group>"; };
		274D09A02099F29000765337 /* Santhera.app */ = {isa = PBXFileReference; explicitFileType = wrapper.application; includeInIndex = 0; path = Santhera.app; sourceTree = BUILT_PRODUCTS_DIR; };
		274D09A32099F29000765337 /* AppDelegate.swift */ = {isa = PBXFileReference; lastKnownFileType = sourcecode.swift; path = AppDelegate.swift; sourceTree = "<group>"; };
		274D09A82099F29000765337 /* Base */ = {isa = PBXFileReference; lastKnownFileType = file.storyboard; name = Base; path = Base.lproj/Main.storyboard; sourceTree = "<group>"; };
		274D09AA2099F29200765337 /* Assets.xcassets */ = {isa = PBXFileReference; lastKnownFileType = folder.assetcatalog; path = Assets.xcassets; sourceTree = "<group>"; };
		274D09AD2099F29200765337 /* Base */ = {isa = PBXFileReference; lastKnownFileType = file.storyboard; name = Base; path = Base.lproj/LaunchScreen.storyboard; sourceTree = "<group>"; };
		274D09AF2099F29200765337 /* Info.plist */ = {isa = PBXFileReference; lastKnownFileType = text.plist.xml; path = Info.plist; sourceTree = "<group>"; };
		27E5C42C209B3E99006BEFFA /* AssetsLibrary.framework */ = {isa = PBXFileReference; lastKnownFileType = wrapper.framework; name = AssetsLibrary.framework; path = System/Library/Frameworks/AssetsLibrary.framework; sourceTree = SDKROOT; };
		27E5C42E209B3EA3006BEFFA /* CoreGraphics.framework */ = {isa = PBXFileReference; lastKnownFileType = wrapper.framework; name = CoreGraphics.framework; path = System/Library/Frameworks/CoreGraphics.framework; sourceTree = SDKROOT; };
		27E5C430209B3EAB006BEFFA /* CoreMedia.framework */ = {isa = PBXFileReference; lastKnownFileType = wrapper.framework; name = CoreMedia.framework; path = System/Library/Frameworks/CoreMedia.framework; sourceTree = SDKROOT; };
		27E5C432209B3EB1006BEFFA /* CoreFoundation.framework */ = {isa = PBXFileReference; lastKnownFileType = wrapper.framework; name = CoreFoundation.framework; path = System/Library/Frameworks/CoreFoundation.framework; sourceTree = SDKROOT; };
		27E5C434209B3EBA006BEFFA /* Accelerate.framework */ = {isa = PBXFileReference; lastKnownFileType = wrapper.framework; name = Accelerate.framework; path = System/Library/Frameworks/Accelerate.framework; sourceTree = SDKROOT; };
		27E5C436209B3EC5006BEFFA /* CoreImage.framework */ = {isa = PBXFileReference; lastKnownFileType = wrapper.framework; name = CoreImage.framework; path = System/Library/Frameworks/CoreImage.framework; sourceTree = SDKROOT; };
		27E5C438209B3ECF006BEFFA /* CoreVideo.framework */ = {isa = PBXFileReference; lastKnownFileType = wrapper.framework; name = CoreVideo.framework; path = System/Library/Frameworks/CoreVideo.framework; sourceTree = SDKROOT; };
		27E5C43A209B3ED5006BEFFA /* Foundation.framework */ = {isa = PBXFileReference; lastKnownFileType = wrapper.framework; name = Foundation.framework; path = System/Library/Frameworks/Foundation.framework; sourceTree = SDKROOT; };
		27E5C43C209B3EDA006BEFFA /* UIKit.framework */ = {isa = PBXFileReference; lastKnownFileType = wrapper.framework; name = UIKit.framework; path = System/Library/Frameworks/UIKit.framework; sourceTree = SDKROOT; };
		3F6AF8AFEDF89E932F8445B1 /* Pods-SantheraUITests.debug.xcconfig */ = {isa = PBXFileReference; includeInIndex = 1; lastKnownFileType = text.xcconfig; name = "Pods-SantheraUITests.debug.xcconfig"; path = "Pods/Target Support Files/Pods-SantheraUITests/Pods-SantheraUITests.debug.xcconfig"; sourceTree = "<group>"; };
		59956EEB0D2350D1F0E3DE0A /* Pods-SantheraUITests.release.xcconfig */ = {isa = PBXFileReference; includeInIndex = 1; lastKnownFileType = text.xcconfig; name = "Pods-SantheraUITests.release.xcconfig"; path = "Pods/Target Support Files/Pods-SantheraUITests/Pods-SantheraUITests.release.xcconfig"; sourceTree = "<group>"; };
		80958E0B64C38AC41D457882 /* Pods_SantheraUITests.framework */ = {isa = PBXFileReference; explicitFileType = wrapper.framework; includeInIndex = 0; path = Pods_SantheraUITests.framework; sourceTree = BUILT_PRODUCTS_DIR; };
		92E273F8AEB502869D236B1F /* Pods_Santhera.framework */ = {isa = PBXFileReference; explicitFileType = wrapper.framework; includeInIndex = 0; path = Pods_Santhera.framework; sourceTree = BUILT_PRODUCTS_DIR; };
		E232DC10F5CF1C1E0F36FA48 /* Pods-SantheraTests.release.xcconfig */ = {isa = PBXFileReference; includeInIndex = 1; lastKnownFileType = text.xcconfig; name = "Pods-SantheraTests.release.xcconfig"; path = "Pods/Target Support Files/Pods-SantheraTests/Pods-SantheraTests.release.xcconfig"; sourceTree = "<group>"; };
		EA52280320BFEFDF00752C29 /* SantheraTests.xctest */ = {isa = PBXFileReference; explicitFileType = wrapper.cfbundle; includeInIndex = 0; path = SantheraTests.xctest; sourceTree = BUILT_PRODUCTS_DIR; };
		EA52280520BFEFDF00752C29 /* SantheraTests.swift */ = {isa = PBXFileReference; lastKnownFileType = sourcecode.swift; path = SantheraTests.swift; sourceTree = "<group>"; };
		EA52280720BFEFDF00752C29 /* Info.plist */ = {isa = PBXFileReference; lastKnownFileType = text.plist.xml; path = Info.plist; sourceTree = "<group>"; };
		EA52281220BFEFF900752C29 /* SantheraUITests.xctest */ = {isa = PBXFileReference; explicitFileType = wrapper.cfbundle; includeInIndex = 0; path = SantheraUITests.xctest; sourceTree = BUILT_PRODUCTS_DIR; };
		EA52281420BFEFF900752C29 /* SantheraUITests.swift */ = {isa = PBXFileReference; lastKnownFileType = sourcecode.swift; path = SantheraUITests.swift; sourceTree = "<group>"; };
		EA52281620BFEFF900752C29 /* Info.plist */ = {isa = PBXFileReference; lastKnownFileType = text.plist.xml; path = Info.plist; sourceTree = "<group>"; };
		EA52281D20BFF0C000752C29 /* ViewController.swift */ = {isa = PBXFileReference; lastKnownFileType = sourcecode.swift; path = ViewController.swift; sourceTree = "<group>"; };
		EA52281F20BFF2EB00752C29 /* fastlane */ = {isa = PBXFileReference; lastKnownFileType = folder; path = fastlane; sourceTree = "<group>"; };
		EA52282120BFF47B00752C29 /* .gitignore */ = {isa = PBXFileReference; fileEncoding = 4; lastKnownFileType = text; path = .gitignore; sourceTree = "<group>"; };
		EA52282620BFF85B00752C29 /* Base */ = {isa = PBXFileReference; lastKnownFileType = text.plist.strings; name = Base; path = Base.lproj/Localizable.strings; sourceTree = "<group>"; };
		EA52282820BFF86F00752C29 /* fr */ = {isa = PBXFileReference; lastKnownFileType = text.plist.strings; name = fr; path = fr.lproj/Localizable.strings; sourceTree = "<group>"; };
		EA52283120C0226100752C29 /* SHSKProductExtension.swift */ = {isa = PBXFileReference; fileEncoding = 4; lastKnownFileType = sourcecode.swift; path = SHSKProductExtension.swift; sourceTree = "<group>"; };
		EA52283220C0226100752C29 /* SHCreditCardValidator.swift */ = {isa = PBXFileReference; fileEncoding = 4; lastKnownFileType = sourcecode.swift; path = SHCreditCardValidator.swift; sourceTree = "<group>"; };
		EA52283320C0226100752C29 /* SHNotificationExtension.swift */ = {isa = PBXFileReference; fileEncoding = 4; lastKnownFileType = sourcecode.swift; path = SHNotificationExtension.swift; sourceTree = "<group>"; };
		EA52283420C0226100752C29 /* SHKeyboardViewController.swift */ = {isa = PBXFileReference; fileEncoding = 4; lastKnownFileType = sourcecode.swift; path = SHKeyboardViewController.swift; sourceTree = "<group>"; };
		EA52283520C0226100752C29 /* SHLocalizationHelper.swift */ = {isa = PBXFileReference; fileEncoding = 4; lastKnownFileType = sourcecode.swift; path = SHLocalizationHelper.swift; sourceTree = "<group>"; };
		EA52283720C0226100752C29 /* SHRightImageButton.swift */ = {isa = PBXFileReference; fileEncoding = 4; lastKnownFileType = sourcecode.swift; path = SHRightImageButton.swift; sourceTree = "<group>"; };
		EA52283820C0226100752C29 /* SHUINavigationBarExtension.swift */ = {isa = PBXFileReference; fileEncoding = 4; lastKnownFileType = sourcecode.swift; path = SHUINavigationBarExtension.swift; sourceTree = "<group>"; };
		EA52283920C0226100752C29 /* SHUIFontExtension.swift */ = {isa = PBXFileReference; fileEncoding = 4; lastKnownFileType = sourcecode.swift; path = SHUIFontExtension.swift; sourceTree = "<group>"; };
		EA52283A20C0226100752C29 /* SHCommonInitView.swift */ = {isa = PBXFileReference; fileEncoding = 4; lastKnownFileType = sourcecode.swift; path = SHCommonInitView.swift; sourceTree = "<group>"; };
		EA52283B20C0226100752C29 /* SHUIAlertController.swift */ = {isa = PBXFileReference; fileEncoding = 4; lastKnownFileType = sourcecode.swift; path = SHUIAlertController.swift; sourceTree = "<group>"; };
		EA52283C20C0226100752C29 /* SHPagedScrollView.swift */ = {isa = PBXFileReference; fileEncoding = 4; lastKnownFileType = sourcecode.swift; path = SHPagedScrollView.swift; sourceTree = "<group>"; };
		EA52283D20C0226100752C29 /* SHStatusBarNavigationController.swift */ = {isa = PBXFileReference; fileEncoding = 4; lastKnownFileType = sourcecode.swift; path = SHStatusBarNavigationController.swift; sourceTree = "<group>"; };
		EA52283E20C0226100752C29 /* SHDatePickerController.swift */ = {isa = PBXFileReference; fileEncoding = 4; lastKnownFileType = sourcecode.swift; path = SHDatePickerController.swift; sourceTree = "<group>"; };
		EA52283F20C0226100752C29 /* SHCALayerExtension.swift */ = {isa = PBXFileReference; fileEncoding = 4; lastKnownFileType = sourcecode.swift; path = SHCALayerExtension.swift; sourceTree = "<group>"; };
		EA52284020C0226100752C29 /* SHIBInspectableExtension.swift */ = {isa = PBXFileReference; fileEncoding = 4; lastKnownFileType = sourcecode.swift; path = SHIBInspectableExtension.swift; sourceTree = "<group>"; };
		EA52284120C0226100752C29 /* SHNoBackTitleViewController.swift */ = {isa = PBXFileReference; fileEncoding = 4; lastKnownFileType = sourcecode.swift; path = SHNoBackTitleViewController.swift; sourceTree = "<group>"; };
		EA52284220C0226100752C29 /* SHUIScrollViewExtension.swift */ = {isa = PBXFileReference; fileEncoding = 4; lastKnownFileType = sourcecode.swift; path = SHUIScrollViewExtension.swift; sourceTree = "<group>"; };
		EA52284320C0226100752C29 /* SHUIColorExtension.swift */ = {isa = PBXFileReference; fileEncoding = 4; lastKnownFileType = sourcecode.swift; path = SHUIColorExtension.swift; sourceTree = "<group>"; };
		EA52284420C0226100752C29 /* SHAttributedLabel.swift */ = {isa = PBXFileReference; fileEncoding = 4; lastKnownFileType = sourcecode.swift; path = SHAttributedLabel.swift; sourceTree = "<group>"; };
		EA52284520C0226100752C29 /* SHSeparatorView.swift */ = {isa = PBXFileReference; fileEncoding = 4; lastKnownFileType = sourcecode.swift; path = SHSeparatorView.swift; sourceTree = "<group>"; };
		EA52284620C0226100752C29 /* SHUIViewControllerExtension.swift */ = {isa = PBXFileReference; fileEncoding = 4; lastKnownFileType = sourcecode.swift; path = SHUIViewControllerExtension.swift; sourceTree = "<group>"; };
		EA52284720C0226100752C29 /* SHCircleView.swift */ = {isa = PBXFileReference; fileEncoding = 4; lastKnownFileType = sourcecode.swift; path = SHCircleView.swift; sourceTree = "<group>"; };
		EA52284820C0226100752C29 /* SHPopupPresentationController.swift */ = {isa = PBXFileReference; fileEncoding = 4; lastKnownFileType = sourcecode.swift; path = SHPopupPresentationController.swift; sourceTree = "<group>"; };
		EA52284920C0226100752C29 /* SHUIImageExtension.swift */ = {isa = PBXFileReference; fileEncoding = 4; lastKnownFileType = sourcecode.swift; path = SHUIImageExtension.swift; sourceTree = "<group>"; };
		EA52284A20C0226100752C29 /* SHUIViewExtension.swift */ = {isa = PBXFileReference; fileEncoding = 4; lastKnownFileType = sourcecode.swift; path = SHUIViewExtension.swift; sourceTree = "<group>"; };
		EA52284B20C0226100752C29 /* SHUIScreenExtension.swift */ = {isa = PBXFileReference; fileEncoding = 4; lastKnownFileType = sourcecode.swift; path = SHUIScreenExtension.swift; sourceTree = "<group>"; };
		EA52284C20C0226100752C29 /* SHNavigationControllerExtention.swift */ = {isa = PBXFileReference; fileEncoding = 4; lastKnownFileType = sourcecode.swift; path = SHNavigationControllerExtention.swift; sourceTree = "<group>"; };
		EA52284D20C0226100752C29 /* SHUIButtonExtension.swift */ = {isa = PBXFileReference; fileEncoding = 4; lastKnownFileType = sourcecode.swift; path = SHUIButtonExtension.swift; sourceTree = "<group>"; };
		EA52284E20C0226100752C29 /* SHGradientView.swift */ = {isa = PBXFileReference; fileEncoding = 4; lastKnownFileType = sourcecode.swift; path = SHGradientView.swift; sourceTree = "<group>"; };
		EA52284F20C0226100752C29 /* SHUITextFieldExtension.swift */ = {isa = PBXFileReference; fileEncoding = 4; lastKnownFileType = sourcecode.swift; path = SHUITextFieldExtension.swift; sourceTree = "<group>"; };
		EA52285020C0226100752C29 /* SHGif.swift */ = {isa = PBXFileReference; fileEncoding = 4; lastKnownFileType = sourcecode.swift; path = SHGif.swift; sourceTree = "<group>"; };
		EA52285120C0226100752C29 /* SHTextField.swift */ = {isa = PBXFileReference; fileEncoding = 4; lastKnownFileType = sourcecode.swift; path = SHTextField.swift; sourceTree = "<group>"; };
		EA52285320C0226100752C29 /* SHNSDateFormatterExtension.swift */ = {isa = PBXFileReference; fileEncoding = 4; lastKnownFileType = sourcecode.swift; path = SHNSDateFormatterExtension.swift; sourceTree = "<group>"; };
		EA52285420C0226100752C29 /* SHDateFormatterProximity.swift */ = {isa = PBXFileReference; fileEncoding = 4; lastKnownFileType = sourcecode.swift; path = SHDateFormatterProximity.swift; sourceTree = "<group>"; };
		EA52285520C0226100752C29 /* SHNSDateExtension.swift */ = {isa = PBXFileReference; fileEncoding = 4; lastKnownFileType = sourcecode.swift; path = SHNSDateExtension.swift; sourceTree = "<group>"; };
		EA52285620C0226100752C29 /* SHNSTimeIntervalExtension.swift */ = {isa = PBXFileReference; fileEncoding = 4; lastKnownFileType = sourcecode.swift; path = SHNSTimeIntervalExtension.swift; sourceTree = "<group>"; };
		EA52285820C0226100752C29 /* NumbersConvertion.swift */ = {isa = PBXFileReference; fileEncoding = 4; lastKnownFileType = sourcecode.swift; path = NumbersConvertion.swift; sourceTree = "<group>"; };
		EA52285920C0226100752C29 /* SHArrayExtension.swift */ = {isa = PBXFileReference; fileEncoding = 4; lastKnownFileType = sourcecode.swift; path = SHArrayExtension.swift; sourceTree = "<group>"; };
		EA52285B20C0226100752C29 /* SHIntExtension.swift */ = {isa = PBXFileReference; fileEncoding = 4; lastKnownFileType = sourcecode.swift; path = SHIntExtension.swift; sourceTree = "<group>"; };
		EA52285C20C0226100752C29 /* SHStringExtension.swift */ = {isa = PBXFileReference; fileEncoding = 4; lastKnownFileType = sourcecode.swift; path = SHStringExtension.swift; sourceTree = "<group>"; };
		EA52285D20C0226100752C29 /* SHNumberExtension.swift */ = {isa = PBXFileReference; fileEncoding = 4; lastKnownFileType = sourcecode.swift; path = SHNumberExtension.swift; sourceTree = "<group>"; };
		EA52285E20C0226100752C29 /* SHDeviceType.swift */ = {isa = PBXFileReference; fileEncoding = 4; lastKnownFileType = sourcecode.swift; path = SHDeviceType.swift; sourceTree = "<group>"; };
		EA52285F20C0226100752C29 /* SHOperation.swift */ = {isa = PBXFileReference; fileEncoding = 4; lastKnownFileType = sourcecode.swift; path = SHOperation.swift; sourceTree = "<group>"; };
		EA52286020C0226100752C29 /* SHDegreesToRadiansExtension.swift */ = {isa = PBXFileReference; fileEncoding = 4; lastKnownFileType = sourcecode.swift; path = SHDegreesToRadiansExtension.swift; sourceTree = "<group>"; };
		EA52286120C0226100752C29 /* SHNSDataExtension.swift */ = {isa = PBXFileReference; fileEncoding = 4; lastKnownFileType = sourcecode.swift; path = SHNSDataExtension.swift; sourceTree = "<group>"; };
		EA52286220C0226100752C29 /* SHComparisonHelpers.swift */ = {isa = PBXFileReference; fileEncoding = 4; lastKnownFileType = sourcecode.swift; path = SHComparisonHelpers.swift; sourceTree = "<group>"; };
		EA52286320C0226100752C29 /* SHComparisonHelper.swift */ = {isa = PBXFileReference; fileEncoding = 4; lastKnownFileType = sourcecode.swift; path = SHComparisonHelper.swift; sourceTree = "<group>"; };
		EA52286420C0226100752C29 /* URLRequestExtension.swift */ = {isa = PBXFileReference; fileEncoding = 4; lastKnownFileType = sourcecode.swift; path = URLRequestExtension.swift; sourceTree = "<group>"; };
		EA52286520C0226100752C29 /* Debounce+Throttle.swift */ = {isa = PBXFileReference; fileEncoding = 4; lastKnownFileType = sourcecode.swift; path = "Debounce+Throttle.swift"; sourceTree = "<group>"; };
		EA52286620C0226100752C29 /* SHNSObjectExtension.swift */ = {isa = PBXFileReference; fileEncoding = 4; lastKnownFileType = sourcecode.swift; path = SHNSObjectExtension.swift; sourceTree = "<group>"; };
		EA52286720C0226100752C29 /* SHNSTimerExtension.swift */ = {isa = PBXFileReference; fileEncoding = 4; lastKnownFileType = sourcecode.swift; path = SHNSTimerExtension.swift; sourceTree = "<group>"; };
		EA52286820C0226100752C29 /* SHMulticastDelegate.swift */ = {isa = PBXFileReference; fileEncoding = 4; lastKnownFileType = sourcecode.swift; path = SHMulticastDelegate.swift; sourceTree = "<group>"; };
		EA52286C20C0226100752C29 /* SHManagedObjectContext+CascadeSave.swift */ = {isa = PBXFileReference; fileEncoding = 4; lastKnownFileType = sourcecode.swift; path = "SHManagedObjectContext+CascadeSave.swift"; sourceTree = "<group>"; };
		EA52286D20C0226100752C29 /* SHNamedEntity.swift */ = {isa = PBXFileReference; fileEncoding = 4; lastKnownFileType = sourcecode.swift; path = SHNamedEntity.swift; sourceTree = "<group>"; };
		F92E81B896335B830015EEF7 /* Pods-Santhera.debug.xcconfig */ = {isa = PBXFileReference; includeInIndex = 1; lastKnownFileType = text.xcconfig; name = "Pods-Santhera.debug.xcconfig"; path = "Pods/Target Support Files/Pods-Santhera/Pods-Santhera.debug.xcconfig"; sourceTree = "<group>"; };
/* End PBXFileReference section */

/* Begin PBXFrameworksBuildPhase section */
		274D099D2099F29000765337 /* Frameworks */ = {
			isa = PBXFrameworksBuildPhase;
			buildActionMask = 2147483647;
			files = (
				27E5C43D209B3EDA006BEFFA /* UIKit.framework in Frameworks */,
				27E5C43B209B3ED5006BEFFA /* Foundation.framework in Frameworks */,
				27E5C439209B3ECF006BEFFA /* CoreVideo.framework in Frameworks */,
				27E5C437209B3EC6006BEFFA /* CoreImage.framework in Frameworks */,
				27E5C435209B3EBA006BEFFA /* Accelerate.framework in Frameworks */,
				27E5C433209B3EB1006BEFFA /* CoreFoundation.framework in Frameworks */,
				27E5C431209B3EAB006BEFFA /* CoreMedia.framework in Frameworks */,
				27E5C42F209B3EA3006BEFFA /* CoreGraphics.framework in Frameworks */,
				27E5C42D209B3E99006BEFFA /* AssetsLibrary.framework in Frameworks */,
				5F887B1BD52D3B4D32BA1000 /* Pods_Santhera.framework in Frameworks */,
			);
			runOnlyForDeploymentPostprocessing = 0;
		};
		EA52280020BFEFDF00752C29 /* Frameworks */ = {
			isa = PBXFrameworksBuildPhase;
			buildActionMask = 2147483647;
			files = (
				84092CCEA1E78491F768E908 /* Pods_SantheraTests.framework in Frameworks */,
			);
			runOnlyForDeploymentPostprocessing = 0;
		};
		EA52280F20BFEFF900752C29 /* Frameworks */ = {
			isa = PBXFrameworksBuildPhase;
			buildActionMask = 2147483647;
			files = (
				485502FA7DC38879F975D4E4 /* Pods_SantheraUITests.framework in Frameworks */,
			);
			runOnlyForDeploymentPostprocessing = 0;
		};
/* End PBXFrameworksBuildPhase section */

/* Begin PBXGroup section */
		274D09972099F29000765337 = {
			isa = PBXGroup;
			children = (
				EA52282120BFF47B00752C29 /* .gitignore */,
				EA52281F20BFF2EB00752C29 /* fastlane */,
				274D09A22099F29000765337 /* Santhera */,
				EA52280420BFEFDF00752C29 /* SantheraTests */,
				EA52281320BFEFF900752C29 /* SantheraUITests */,
				274D09A12099F29000765337 /* Products */,
				27E5C427209B3D51006BEFFA /* Frameworks */,
				42595C828C4EF04AA2E905FD /* Pods */,
			);
			sourceTree = "<group>";
		};
		274D09A12099F29000765337 /* Products */ = {
			isa = PBXGroup;
			children = (
				274D09A02099F29000765337 /* Santhera.app */,
				EA52280320BFEFDF00752C29 /* SantheraTests.xctest */,
				EA52281220BFEFF900752C29 /* SantheraUITests.xctest */,
			);
			name = Products;
			sourceTree = "<group>";
		};
		274D09A22099F29000765337 /* Santhera */ = {
			isa = PBXGroup;
			children = (
				EA52282F20C0226100752C29 /* Helpers */,
				274D09A72099F29000765337 /* Main.storyboard */,
				274D09AC2099F29200765337 /* LaunchScreen.storyboard */,
				274D09AA2099F29200765337 /* Assets.xcassets */,
				274D09AF2099F29200765337 /* Info.plist */,
				274D09A32099F29000765337 /* AppDelegate.swift */,
				EA52281D20BFF0C000752C29 /* ViewController.swift */,
				EA52282520BFF85B00752C29 /* Localizable.strings */,
			);
			path = Santhera;
			sourceTree = "<group>";
		};
		27E5C427209B3D51006BEFFA /* Frameworks */ = {
			isa = PBXGroup;
			children = (
				27E5C43C209B3EDA006BEFFA /* UIKit.framework */,
				27E5C43A209B3ED5006BEFFA /* Foundation.framework */,
				27E5C438209B3ECF006BEFFA /* CoreVideo.framework */,
				27E5C436209B3EC5006BEFFA /* CoreImage.framework */,
				27E5C434209B3EBA006BEFFA /* Accelerate.framework */,
				27E5C432209B3EB1006BEFFA /* CoreFoundation.framework */,
				27E5C430209B3EAB006BEFFA /* CoreMedia.framework */,
				27E5C42E209B3EA3006BEFFA /* CoreGraphics.framework */,
				27E5C42C209B3E99006BEFFA /* AssetsLibrary.framework */,
				92E273F8AEB502869D236B1F /* Pods_Santhera.framework */,
				11E9DAA1D10BF2392F839B08 /* Pods_SantheraTests.framework */,
				80958E0B64C38AC41D457882 /* Pods_SantheraUITests.framework */,
			);
			name = Frameworks;
			sourceTree = "<group>";
		};
		42595C828C4EF04AA2E905FD /* Pods */ = {
			isa = PBXGroup;
			children = (
				F92E81B896335B830015EEF7 /* Pods-Santhera.debug.xcconfig */,
				1C9F21C47809DA59B38CBCBC /* Pods-Santhera.inhouse.xcconfig */,
				17E8AA1B5CDD001048630D81 /* Pods-Santhera.release.xcconfig */,
				18C618E5233A78CBD09EC62C /* Pods-SantheraTests.debug.xcconfig */,
				0BE4A706A6A6C3FCBF4BD1C8 /* Pods-SantheraTests.inhouse.xcconfig */,
				E232DC10F5CF1C1E0F36FA48 /* Pods-SantheraTests.release.xcconfig */,
				3F6AF8AFEDF89E932F8445B1 /* Pods-SantheraUITests.debug.xcconfig */,
				00B6B005C8FBB8E0E735C2CD /* Pods-SantheraUITests.inhouse.xcconfig */,
				59956EEB0D2350D1F0E3DE0A /* Pods-SantheraUITests.release.xcconfig */,
			);
			name = Pods;
			sourceTree = "<group>";
		};
		EA52280420BFEFDF00752C29 /* SantheraTests */ = {
			isa = PBXGroup;
			children = (
				EA52280520BFEFDF00752C29 /* SantheraTests.swift */,
				EA52280720BFEFDF00752C29 /* Info.plist */,
			);
			path = SantheraTests;
			sourceTree = "<group>";
		};
		EA52281320BFEFF900752C29 /* SantheraUITests */ = {
			isa = PBXGroup;
			children = (
				EA52281420BFEFF900752C29 /* SantheraUITests.swift */,
				EA52281620BFEFF900752C29 /* Info.plist */,
			);
			path = SantheraUITests;
			sourceTree = "<group>";
		};
		EA52282F20C0226100752C29 /* Helpers */ = {
			isa = PBXGroup;
			children = (
				EA52283020C0226100752C29 /* Misc */,
				EA52283620C0226100752C29 /* UI */,
				EA52285220C0226100752C29 /* Date-Time */,
				EA52285720C0226100752C29 /* Core */,
				EA52286A20C0226100752C29 /* CoreData */,
			);
			name = Helpers;
			path = "../../../../Downloads/SwiftHelpers-master 2/Helpers";
			sourceTree = "<group>";
		};
		EA52283020C0226100752C29 /* Misc */ = {
			isa = PBXGroup;
			children = (
				EA52283120C0226100752C29 /* SHSKProductExtension.swift */,
				EA52283220C0226100752C29 /* SHCreditCardValidator.swift */,
				EA52283320C0226100752C29 /* SHNotificationExtension.swift */,
				EA52283420C0226100752C29 /* SHKeyboardViewController.swift */,
				EA52283520C0226100752C29 /* SHLocalizationHelper.swift */,
			);
			path = Misc;
			sourceTree = "<group>";
		};
		EA52283620C0226100752C29 /* UI */ = {
			isa = PBXGroup;
			children = (
				EA52283720C0226100752C29 /* SHRightImageButton.swift */,
				EA52283820C0226100752C29 /* SHUINavigationBarExtension.swift */,
				EA52283920C0226100752C29 /* SHUIFontExtension.swift */,
				EA52283A20C0226100752C29 /* SHCommonInitView.swift */,
				EA52283B20C0226100752C29 /* SHUIAlertController.swift */,
				EA52283C20C0226100752C29 /* SHPagedScrollView.swift */,
				EA52283D20C0226100752C29 /* SHStatusBarNavigationController.swift */,
				EA52283E20C0226100752C29 /* SHDatePickerController.swift */,
				EA52283F20C0226100752C29 /* SHCALayerExtension.swift */,
				EA52284020C0226100752C29 /* SHIBInspectableExtension.swift */,
				EA52284120C0226100752C29 /* SHNoBackTitleViewController.swift */,
				EA52284220C0226100752C29 /* SHUIScrollViewExtension.swift */,
				EA52284320C0226100752C29 /* SHUIColorExtension.swift */,
				EA52284420C0226100752C29 /* SHAttributedLabel.swift */,
				EA52284520C0226100752C29 /* SHSeparatorView.swift */,
				EA52284620C0226100752C29 /* SHUIViewControllerExtension.swift */,
				EA52284720C0226100752C29 /* SHCircleView.swift */,
				EA52284820C0226100752C29 /* SHPopupPresentationController.swift */,
				EA52284920C0226100752C29 /* SHUIImageExtension.swift */,
				EA52284A20C0226100752C29 /* SHUIViewExtension.swift */,
				EA52284B20C0226100752C29 /* SHUIScreenExtension.swift */,
				EA52284C20C0226100752C29 /* SHNavigationControllerExtention.swift */,
				EA52284D20C0226100752C29 /* SHUIButtonExtension.swift */,
				EA52284E20C0226100752C29 /* SHGradientView.swift */,
				EA52284F20C0226100752C29 /* SHUITextFieldExtension.swift */,
				EA52285020C0226100752C29 /* SHGif.swift */,
				EA52285120C0226100752C29 /* SHTextField.swift */,
			);
			path = UI;
			sourceTree = "<group>";
		};
		EA52285220C0226100752C29 /* Date-Time */ = {
			isa = PBXGroup;
			children = (
				EA52285320C0226100752C29 /* SHNSDateFormatterExtension.swift */,
				EA52285420C0226100752C29 /* SHDateFormatterProximity.swift */,
				EA52285520C0226100752C29 /* SHNSDateExtension.swift */,
				EA52285620C0226100752C29 /* SHNSTimeIntervalExtension.swift */,
			);
			path = "Date-Time";
			sourceTree = "<group>";
		};
		EA52285720C0226100752C29 /* Core */ = {
			isa = PBXGroup;
			children = (
				EA52285820C0226100752C29 /* NumbersConvertion.swift */,
				EA52285920C0226100752C29 /* SHArrayExtension.swift */,
				EA52285B20C0226100752C29 /* SHIntExtension.swift */,
				EA52285C20C0226100752C29 /* SHStringExtension.swift */,
				EA52285D20C0226100752C29 /* SHNumberExtension.swift */,
				EA52285E20C0226100752C29 /* SHDeviceType.swift */,
				EA52285F20C0226100752C29 /* SHOperation.swift */,
				EA52286020C0226100752C29 /* SHDegreesToRadiansExtension.swift */,
				EA52286120C0226100752C29 /* SHNSDataExtension.swift */,
				EA52286220C0226100752C29 /* SHComparisonHelpers.swift */,
				EA52286320C0226100752C29 /* SHComparisonHelper.swift */,
				EA52286420C0226100752C29 /* URLRequestExtension.swift */,
				EA52286520C0226100752C29 /* Debounce+Throttle.swift */,
				EA52286620C0226100752C29 /* SHNSObjectExtension.swift */,
				EA52286720C0226100752C29 /* SHNSTimerExtension.swift */,
				EA52286820C0226100752C29 /* SHMulticastDelegate.swift */,
			);
			path = Core;
			sourceTree = "<group>";
		};
		EA52286A20C0226100752C29 /* CoreData */ = {
			isa = PBXGroup;
			children = (
				EA52286C20C0226100752C29 /* SHManagedObjectContext+CascadeSave.swift */,
				EA52286D20C0226100752C29 /* SHNamedEntity.swift */,
			);
			path = CoreData;
			sourceTree = "<group>";
		};
/* End PBXGroup section */

/* Begin PBXNativeTarget section */
		274D099F2099F29000765337 /* Santhera */ = {
			isa = PBXNativeTarget;
			buildConfigurationList = 274D09B22099F29200765337 /* Build configuration list for PBXNativeTarget "Santhera" */;
			buildPhases = (
				7FE72B5B8399659589747712 /* [CP] Check Pods Manifest.lock */,
				274D099C2099F29000765337 /* Sources */,
				274D099D2099F29000765337 /* Frameworks */,
				274D099E2099F29000765337 /* Resources */,
				2738F51F20AC1714004774AF /* ShellScript */,
			);
			buildRules = (
			);
			dependencies = (
			);
			name = Santhera;
			productName = Santhera;
			productReference = 274D09A02099F29000765337 /* Santhera.app */;
			productType = "com.apple.product-type.application";
		};
		EA52280220BFEFDF00752C29 /* SantheraTests */ = {
			isa = PBXNativeTarget;
			buildConfigurationList = EA52280A20BFEFDF00752C29 /* Build configuration list for PBXNativeTarget "SantheraTests" */;
			buildPhases = (
				0CAC28227A633E0E55B2C4F4 /* [CP] Check Pods Manifest.lock */,
				EA5227FF20BFEFDF00752C29 /* Sources */,
				EA52280020BFEFDF00752C29 /* Frameworks */,
				EA52280120BFEFDF00752C29 /* Resources */,
			);
			buildRules = (
			);
			dependencies = (
				EA52280920BFEFDF00752C29 /* PBXTargetDependency */,
			);
			name = SantheraTests;
			productName = SantheraTests;
			productReference = EA52280320BFEFDF00752C29 /* SantheraTests.xctest */;
			productType = "com.apple.product-type.bundle.unit-test";
		};
		EA52281120BFEFF900752C29 /* SantheraUITests */ = {
			isa = PBXNativeTarget;
			buildConfigurationList = EA52281920BFEFF900752C29 /* Build configuration list for PBXNativeTarget "SantheraUITests" */;
			buildPhases = (
				95256EEE0B9639E73EA725E1 /* [CP] Check Pods Manifest.lock */,
				EA52280E20BFEFF900752C29 /* Sources */,
				EA52280F20BFEFF900752C29 /* Frameworks */,
				EA52281020BFEFF900752C29 /* Resources */,
			);
			buildRules = (
			);
			dependencies = (
				EA52281820BFEFF900752C29 /* PBXTargetDependency */,
			);
			name = SantheraUITests;
			productName = SantheraUITests;
			productReference = EA52281220BFEFF900752C29 /* SantheraUITests.xctest */;
			productType = "com.apple.product-type.bundle.ui-testing";
		};
/* End PBXNativeTarget section */

/* Begin PBXProject section */
		274D09982099F29000765337 /* Project object */ = {
			isa = PBXProject;
			attributes = {
				LastSwiftUpdateCheck = 0930;
				LastUpgradeCheck = 0930;
				ORGANIZATIONNAME = Wopata;
				TargetAttributes = {
					274D099F2099F29000765337 = {
						CreatedOnToolsVersion = 9.3;
						LastSwiftMigration = 0930;
					};
					EA52280220BFEFDF00752C29 = {
						CreatedOnToolsVersion = 9.3.1;
						TestTargetID = 274D099F2099F29000765337;
					};
					EA52281120BFEFF900752C29 = {
						CreatedOnToolsVersion = 9.3.1;
						TestTargetID = 274D099F2099F29000765337;
					};
				};
			};
			buildConfigurationList = 274D099B2099F29000765337 /* Build configuration list for PBXProject "Santhera" */;
			compatibilityVersion = "Xcode 9.3";
			developmentRegion = en;
			hasScannedForEncodings = 0;
			knownRegions = (
				en,
				Base,
				fr,
			);
			mainGroup = 274D09972099F29000765337;
			productRefGroup = 274D09A12099F29000765337 /* Products */;
			projectDirPath = "";
			projectRoot = "";
			targets = (
				274D099F2099F29000765337 /* Santhera */,
				EA52280220BFEFDF00752C29 /* SantheraTests */,
				EA52281120BFEFF900752C29 /* SantheraUITests */,
			);
		};
/* End PBXProject section */

/* Begin PBXResourcesBuildPhase section */
		274D099E2099F29000765337 /* Resources */ = {
			isa = PBXResourcesBuildPhase;
			buildActionMask = 2147483647;
			files = (
				EA52282220BFF47B00752C29 /* .gitignore in Resources */,
				EA52282720BFF85B00752C29 /* Localizable.strings in Resources */,
				274D09AE2099F29200765337 /* LaunchScreen.storyboard in Resources */,
				274D09AB2099F29200765337 /* Assets.xcassets in Resources */,
				EA52282020BFF2EB00752C29 /* fastlane in Resources */,
				274D09A92099F29000765337 /* Main.storyboard in Resources */,
			);
			runOnlyForDeploymentPostprocessing = 0;
		};
		EA52280120BFEFDF00752C29 /* Resources */ = {
			isa = PBXResourcesBuildPhase;
			buildActionMask = 2147483647;
			files = (
			);
			runOnlyForDeploymentPostprocessing = 0;
		};
		EA52281020BFEFF900752C29 /* Resources */ = {
			isa = PBXResourcesBuildPhase;
			buildActionMask = 2147483647;
			files = (
			);
			runOnlyForDeploymentPostprocessing = 0;
		};
/* End PBXResourcesBuildPhase section */

/* Begin PBXShellScriptBuildPhase section */
		0CAC28227A633E0E55B2C4F4 /* [CP] Check Pods Manifest.lock */ = {
			isa = PBXShellScriptBuildPhase;
			buildActionMask = 2147483647;
			files = (
			);
			inputPaths = (
				"${PODS_PODFILE_DIR_PATH}/Podfile.lock",
				"${PODS_ROOT}/Manifest.lock",
			);
			name = "[CP] Check Pods Manifest.lock";
			outputPaths = (
				"$(DERIVED_FILE_DIR)/Pods-SantheraTests-checkManifestLockResult.txt",
			);
			runOnlyForDeploymentPostprocessing = 0;
			shellPath = /bin/sh;
			shellScript = "diff \"${PODS_PODFILE_DIR_PATH}/Podfile.lock\" \"${PODS_ROOT}/Manifest.lock\" > /dev/null\nif [ $? != 0 ] ; then\n    # print error to STDERR\n    echo \"error: The sandbox is not in sync with the Podfile.lock. Run 'pod install' or update your CocoaPods installation.\" >&2\n    exit 1\nfi\n# This output is used by Xcode 'outputs' to avoid re-running this script phase.\necho \"SUCCESS\" > \"${SCRIPT_OUTPUT_FILE_0}\"\n";
			showEnvVarsInLog = 0;
		};
		2738F51F20AC1714004774AF /* ShellScript */ = {
			isa = PBXShellScriptBuildPhase;
			buildActionMask = 2147483647;
			files = (
			);
			inputPaths = (
			);
			outputPaths = (
			);
			runOnlyForDeploymentPostprocessing = 0;
			shellPath = /bin/sh;
			shellScript = "\"${PODS_ROOT}/Fabric/run\" f177a7b6420cda3a7516673e502392fec8c60040 cc5e82acbc97173d884018a4933227d9773f0f213aa2f8d424a0eb6968de32e6\n";
		};
		7FE72B5B8399659589747712 /* [CP] Check Pods Manifest.lock */ = {
			isa = PBXShellScriptBuildPhase;
			buildActionMask = 2147483647;
			files = (
			);
			inputPaths = (
				"${PODS_PODFILE_DIR_PATH}/Podfile.lock",
				"${PODS_ROOT}/Manifest.lock",
			);
			name = "[CP] Check Pods Manifest.lock";
			outputPaths = (
				"$(DERIVED_FILE_DIR)/Pods-Santhera-checkManifestLockResult.txt",
			);
			runOnlyForDeploymentPostprocessing = 0;
			shellPath = /bin/sh;
			shellScript = "diff \"${PODS_PODFILE_DIR_PATH}/Podfile.lock\" \"${PODS_ROOT}/Manifest.lock\" > /dev/null\nif [ $? != 0 ] ; then\n    # print error to STDERR\n    echo \"error: The sandbox is not in sync with the Podfile.lock. Run 'pod install' or update your CocoaPods installation.\" >&2\n    exit 1\nfi\n# This output is used by Xcode 'outputs' to avoid re-running this script phase.\necho \"SUCCESS\" > \"${SCRIPT_OUTPUT_FILE_0}\"\n";
			showEnvVarsInLog = 0;
		};
		95256EEE0B9639E73EA725E1 /* [CP] Check Pods Manifest.lock */ = {
			isa = PBXShellScriptBuildPhase;
			buildActionMask = 2147483647;
			files = (
			);
			inputPaths = (
				"${PODS_PODFILE_DIR_PATH}/Podfile.lock",
				"${PODS_ROOT}/Manifest.lock",
			);
			name = "[CP] Check Pods Manifest.lock";
			outputPaths = (
				"$(DERIVED_FILE_DIR)/Pods-SantheraUITests-checkManifestLockResult.txt",
			);
			runOnlyForDeploymentPostprocessing = 0;
			shellPath = /bin/sh;
			shellScript = "diff \"${PODS_PODFILE_DIR_PATH}/Podfile.lock\" \"${PODS_ROOT}/Manifest.lock\" > /dev/null\nif [ $? != 0 ] ; then\n    # print error to STDERR\n    echo \"error: The sandbox is not in sync with the Podfile.lock. Run 'pod install' or update your CocoaPods installation.\" >&2\n    exit 1\nfi\n# This output is used by Xcode 'outputs' to avoid re-running this script phase.\necho \"SUCCESS\" > \"${SCRIPT_OUTPUT_FILE_0}\"\n";
			showEnvVarsInLog = 0;
		};
/* End PBXShellScriptBuildPhase section */

/* Begin PBXSourcesBuildPhase section */
		274D099C2099F29000765337 /* Sources */ = {
			isa = PBXSourcesBuildPhase;
			buildActionMask = 2147483647;
			files = (
				EA52289320C0226100752C29 /* SHArrayExtension.swift in Sources */,
				EA52289D20C0226100752C29 /* SHComparisonHelper.swift in Sources */,
				EA52287F20C0226100752C29 /* SHUIColorExtension.swift in Sources */,
				EA52288120C0226100752C29 /* SHSeparatorView.swift in Sources */,
				EA52289F20C0226100752C29 /* Debounce+Throttle.swift in Sources */,
				EA52288720C0226100752C29 /* SHUIScreenExtension.swift in Sources */,
				EA52287D20C0226100752C29 /* SHNoBackTitleViewController.swift in Sources */,
				EA52286F20C0226100752C29 /* SHCreditCardValidator.swift in Sources */,
				EA52289120C0226100752C29 /* SHNSTimeIntervalExtension.swift in Sources */,
				EA5228A420C0226100752C29 /* SHManagedObjectContext+CascadeSave.swift in Sources */,
				EA52288520C0226100752C29 /* SHUIImageExtension.swift in Sources */,
				EA52287720C0226100752C29 /* SHUIAlertController.swift in Sources */,
				EA52288F20C0226100752C29 /* SHDateFormatterProximity.swift in Sources */,
				EA52288320C0226100752C29 /* SHCircleView.swift in Sources */,
				EA52281E20BFF0C000752C29 /* ViewController.swift in Sources */,
				EA52289220C0226100752C29 /* NumbersConvertion.swift in Sources */,
				EA52287120C0226100752C29 /* SHKeyboardViewController.swift in Sources */,
				EA52288920C0226100752C29 /* SHUIButtonExtension.swift in Sources */,
				EA52287320C0226100752C29 /* SHRightImageButton.swift in Sources */,
				EA52288820C0226100752C29 /* SHNavigationControllerExtention.swift in Sources */,
				EA52286E20C0226100752C29 /* SHSKProductExtension.swift in Sources */,
				EA52287420C0226100752C29 /* SHUINavigationBarExtension.swift in Sources */,
				EA52289720C0226100752C29 /* SHNumberExtension.swift in Sources */,
				EA5228A520C0226100752C29 /* SHNamedEntity.swift in Sources */,
				EA52289C20C0226100752C29 /* SHComparisonHelpers.swift in Sources */,
				EA52288620C0226100752C29 /* SHUIViewExtension.swift in Sources */,
				EA52289B20C0226100752C29 /* SHNSDataExtension.swift in Sources */,
				EA52289020C0226100752C29 /* SHNSDateExtension.swift in Sources */,
				EA52287C20C0226100752C29 /* SHIBInspectableExtension.swift in Sources */,
				EA52287E20C0226100752C29 /* SHUIScrollViewExtension.swift in Sources */,
				EA52288D20C0226100752C29 /* SHTextField.swift in Sources */,
				EA52287220C0226100752C29 /* SHLocalizationHelper.swift in Sources */,
				EA52289920C0226100752C29 /* SHOperation.swift in Sources */,
				EA5228A220C0226100752C29 /* SHMulticastDelegate.swift in Sources */,
				EA52287520C0226100752C29 /* SHUIFontExtension.swift in Sources */,
				EA52288A20C0226100752C29 /* SHGradientView.swift in Sources */,
				EA52289A20C0226100752C29 /* SHDegreesToRadiansExtension.swift in Sources */,
				EA52289820C0226100752C29 /* SHDeviceType.swift in Sources */,
				274D09A42099F29000765337 /* AppDelegate.swift in Sources */,
				EA5228A120C0226100752C29 /* SHNSTimerExtension.swift in Sources */,
				EA52288B20C0226100752C29 /* SHUITextFieldExtension.swift in Sources */,
				EA52288C20C0226100752C29 /* SHGif.swift in Sources */,
				EA52287920C0226100752C29 /* SHStatusBarNavigationController.swift in Sources */,
				EA52289E20C0226100752C29 /* URLRequestExtension.swift in Sources */,
				EA52288420C0226100752C29 /* SHPopupPresentationController.swift in Sources */,
				EA52287020C0226100752C29 /* SHNotificationExtension.swift in Sources */,
				EA52289520C0226100752C29 /* SHIntExtension.swift in Sources */,
				EA52287B20C0226100752C29 /* SHCALayerExtension.swift in Sources */,
				EA52288E20C0226100752C29 /* SHNSDateFormatterExtension.swift in Sources */,
				EA5228A020C0226100752C29 /* SHNSObjectExtension.swift in Sources */,
				EA52289620C0226100752C29 /* SHStringExtension.swift in Sources */,
				EA52287A20C0226100752C29 /* SHDatePickerController.swift in Sources */,
				EA52288020C0226100752C29 /* SHAttributedLabel.swift in Sources */,
				EA52287820C0226100752C29 /* SHPagedScrollView.swift in Sources */,
				EA52287620C0226100752C29 /* SHCommonInitView.swift in Sources */,
				EA52288220C0226100752C29 /* SHUIViewControllerExtension.swift in Sources */,
			);
			runOnlyForDeploymentPostprocessing = 0;
		};
		EA5227FF20BFEFDF00752C29 /* Sources */ = {
			isa = PBXSourcesBuildPhase;
			buildActionMask = 2147483647;
			files = (
				EA52280620BFEFDF00752C29 /* SantheraTests.swift in Sources */,
			);
			runOnlyForDeploymentPostprocessing = 0;
		};
		EA52280E20BFEFF900752C29 /* Sources */ = {
			isa = PBXSourcesBuildPhase;
			buildActionMask = 2147483647;
			files = (
				EA52281520BFEFF900752C29 /* SantheraUITests.swift in Sources */,
			);
			runOnlyForDeploymentPostprocessing = 0;
		};
/* End PBXSourcesBuildPhase section */

/* Begin PBXTargetDependency section */
		EA52280920BFEFDF00752C29 /* PBXTargetDependency */ = {
			isa = PBXTargetDependency;
			target = 274D099F2099F29000765337 /* Santhera */;
			targetProxy = EA52280820BFEFDF00752C29 /* PBXContainerItemProxy */;
		};
		EA52281820BFEFF900752C29 /* PBXTargetDependency */ = {
			isa = PBXTargetDependency;
			target = 274D099F2099F29000765337 /* Santhera */;
			targetProxy = EA52281720BFEFF900752C29 /* PBXContainerItemProxy */;
		};
/* End PBXTargetDependency section */

/* Begin PBXVariantGroup section */
		274D09A72099F29000765337 /* Main.storyboard */ = {
			isa = PBXVariantGroup;
			children = (
				274D09A82099F29000765337 /* Base */,
			);
			name = Main.storyboard;
			sourceTree = "<group>";
		};
		274D09AC2099F29200765337 /* LaunchScreen.storyboard */ = {
			isa = PBXVariantGroup;
			children = (
				274D09AD2099F29200765337 /* Base */,
			);
			name = LaunchScreen.storyboard;
			sourceTree = "<group>";
		};
		EA52282520BFF85B00752C29 /* Localizable.strings */ = {
			isa = PBXVariantGroup;
			children = (
				EA52282620BFF85B00752C29 /* Base */,
				EA52282820BFF86F00752C29 /* fr */,
			);
			name = Localizable.strings;
			sourceTree = "<group>";
		};
/* End PBXVariantGroup section */

/* Begin XCBuildConfiguration section */
		274D09B02099F29200765337 /* Debug */ = {
			isa = XCBuildConfiguration;
			buildSettings = {
				ALWAYS_SEARCH_USER_PATHS = NO;
				CLANG_ANALYZER_LOCALIZABILITY_NONLOCALIZED = YES;
				CLANG_ANALYZER_NONNULL = YES;
				CLANG_ANALYZER_NUMBER_OBJECT_CONVERSION = YES_AGGRESSIVE;
				CLANG_CXX_LANGUAGE_STANDARD = "gnu++14";
				CLANG_CXX_LIBRARY = "libc++";
				CLANG_ENABLE_MODULES = YES;
				CLANG_ENABLE_OBJC_ARC = YES;
				CLANG_ENABLE_OBJC_WEAK = YES;
				CLANG_WARN_BLOCK_CAPTURE_AUTORELEASING = YES;
				CLANG_WARN_BOOL_CONVERSION = YES;
				CLANG_WARN_COMMA = YES;
				CLANG_WARN_CONSTANT_CONVERSION = YES;
				CLANG_WARN_DEPRECATED_OBJC_IMPLEMENTATIONS = YES;
				CLANG_WARN_DIRECT_OBJC_ISA_USAGE = YES_ERROR;
				CLANG_WARN_DOCUMENTATION_COMMENTS = YES;
				CLANG_WARN_EMPTY_BODY = YES;
				CLANG_WARN_ENUM_CONVERSION = YES;
				CLANG_WARN_INFINITE_RECURSION = YES;
				CLANG_WARN_INT_CONVERSION = YES;
				CLANG_WARN_NON_LITERAL_NULL_CONVERSION = YES;
				CLANG_WARN_OBJC_IMPLICIT_RETAIN_SELF = YES;
				CLANG_WARN_OBJC_LITERAL_CONVERSION = YES;
				CLANG_WARN_OBJC_ROOT_CLASS = YES_ERROR;
				CLANG_WARN_RANGE_LOOP_ANALYSIS = YES;
				CLANG_WARN_STRICT_PROTOTYPES = YES;
				CLANG_WARN_SUSPICIOUS_MOVE = YES;
				CLANG_WARN_UNGUARDED_AVAILABILITY = YES_AGGRESSIVE;
				CLANG_WARN_UNREACHABLE_CODE = YES;
				CLANG_WARN__DUPLICATE_METHOD_MATCH = YES;
				CODE_SIGN_IDENTITY = "iPhone Developer";
				COPY_PHASE_STRIP = NO;
				DEBUG_INFORMATION_FORMAT = dwarf;
				ENABLE_STRICT_OBJC_MSGSEND = YES;
				ENABLE_TESTABILITY = YES;
				GCC_C_LANGUAGE_STANDARD = gnu11;
				GCC_DYNAMIC_NO_PIC = NO;
				GCC_NO_COMMON_BLOCKS = YES;
				GCC_OPTIMIZATION_LEVEL = 0;
				GCC_PREFIX_HEADER = "$(SRCROOT)/Santhera/PrefixHeader.pch";
				GCC_PREPROCESSOR_DEFINITIONS = (
					"DEBUG=1",
					"$(inherited)",
				);
				GCC_WARN_64_TO_32_BIT_CONVERSION = YES;
				GCC_WARN_ABOUT_RETURN_TYPE = YES_ERROR;
				GCC_WARN_UNDECLARED_SELECTOR = YES;
				GCC_WARN_UNINITIALIZED_AUTOS = YES_AGGRESSIVE;
				GCC_WARN_UNUSED_FUNCTION = YES;
				GCC_WARN_UNUSED_VARIABLE = YES;
				IPHONEOS_DEPLOYMENT_TARGET = 11.3;
				MTL_ENABLE_DEBUG_INFO = YES;
				ONLY_ACTIVE_ARCH = YES;
				SDKROOT = iphoneos;
				SWIFT_ACTIVE_COMPILATION_CONDITIONS = DEBUG;
				SWIFT_OPTIMIZATION_LEVEL = "-Onone";
			};
			name = Debug;
		};
		274D09B12099F29200765337 /* InHouse */ = {
			isa = XCBuildConfiguration;
			buildSettings = {
				ALWAYS_SEARCH_USER_PATHS = NO;
				CLANG_ANALYZER_LOCALIZABILITY_NONLOCALIZED = YES;
				CLANG_ANALYZER_NONNULL = YES;
				CLANG_ANALYZER_NUMBER_OBJECT_CONVERSION = YES_AGGRESSIVE;
				CLANG_CXX_LANGUAGE_STANDARD = "gnu++14";
				CLANG_CXX_LIBRARY = "libc++";
				CLANG_ENABLE_MODULES = YES;
				CLANG_ENABLE_OBJC_ARC = YES;
				CLANG_ENABLE_OBJC_WEAK = YES;
				CLANG_WARN_BLOCK_CAPTURE_AUTORELEASING = YES;
				CLANG_WARN_BOOL_CONVERSION = YES;
				CLANG_WARN_COMMA = YES;
				CLANG_WARN_CONSTANT_CONVERSION = YES;
				CLANG_WARN_DEPRECATED_OBJC_IMPLEMENTATIONS = YES;
				CLANG_WARN_DIRECT_OBJC_ISA_USAGE = YES_ERROR;
				CLANG_WARN_DOCUMENTATION_COMMENTS = YES;
				CLANG_WARN_EMPTY_BODY = YES;
				CLANG_WARN_ENUM_CONVERSION = YES;
				CLANG_WARN_INFINITE_RECURSION = YES;
				CLANG_WARN_INT_CONVERSION = YES;
				CLANG_WARN_NON_LITERAL_NULL_CONVERSION = YES;
				CLANG_WARN_OBJC_IMPLICIT_RETAIN_SELF = YES;
				CLANG_WARN_OBJC_LITERAL_CONVERSION = YES;
				CLANG_WARN_OBJC_ROOT_CLASS = YES_ERROR;
				CLANG_WARN_RANGE_LOOP_ANALYSIS = YES;
				CLANG_WARN_STRICT_PROTOTYPES = YES;
				CLANG_WARN_SUSPICIOUS_MOVE = YES;
				CLANG_WARN_UNGUARDED_AVAILABILITY = YES_AGGRESSIVE;
				CLANG_WARN_UNREACHABLE_CODE = YES;
				CLANG_WARN__DUPLICATE_METHOD_MATCH = YES;
				CODE_SIGN_IDENTITY = "iPhone Developer";
				COPY_PHASE_STRIP = NO;
				DEBUG_INFORMATION_FORMAT = "dwarf-with-dsym";
				ENABLE_NS_ASSERTIONS = NO;
				ENABLE_STRICT_OBJC_MSGSEND = YES;
				GCC_C_LANGUAGE_STANDARD = gnu11;
				GCC_NO_COMMON_BLOCKS = YES;
				GCC_PREFIX_HEADER = "$(SRCROOT)/Santhera/PrefixHeader.pch";
				GCC_WARN_64_TO_32_BIT_CONVERSION = YES;
				GCC_WARN_ABOUT_RETURN_TYPE = YES_ERROR;
				GCC_WARN_UNDECLARED_SELECTOR = YES;
				GCC_WARN_UNINITIALIZED_AUTOS = YES_AGGRESSIVE;
				GCC_WARN_UNUSED_FUNCTION = YES;
				GCC_WARN_UNUSED_VARIABLE = YES;
				IPHONEOS_DEPLOYMENT_TARGET = 11.3;
				MTL_ENABLE_DEBUG_INFO = NO;
				SDKROOT = iphoneos;
				SWIFT_COMPILATION_MODE = wholemodule;
				SWIFT_OPTIMIZATION_LEVEL = "-O";
				VALIDATE_PRODUCT = YES;
			};
			name = InHouse;
		};
		274D09B32099F29200765337 /* Debug */ = {
			isa = XCBuildConfiguration;
			baseConfigurationReference = F92E81B896335B830015EEF7 /* Pods-Santhera.debug.xcconfig */;
			buildSettings = {
				ASSETCATALOG_COMPILER_APPICON_NAME = AppIcon;
				CLANG_ENABLE_MODULES = YES;
				CODE_SIGN_IDENTITY = "iPhone Developer";
				CODE_SIGN_STYLE = Manual;
				CURRENT_PROJECT_VERSION = 0;
				DEBUG_INFORMATION_FORMAT = "dwarf-with-dsym";
				DEVELOPMENT_TEAM = VLMBA8Q5QL;
				FRAMEWORK_SEARCH_PATHS = (
					"$(inherited)",
					"$(PROJECT_DIR)",
					"$(PROJECT_DIR)/Santhera",
				);
				INFOPLIST_FILE = Santhera/Info.plist;
				IPHONEOS_DEPLOYMENT_TARGET = 11.0;
				LD_RUNPATH_SEARCH_PATHS = (
					"$(inherited)",
					"@executable_path/Frameworks",
				);
				PRODUCT_BUNDLE_IDENTIFIER = com.wopata.santhera;
				PRODUCT_NAME = "$(TARGET_NAME)";
				PROVISIONING_PROFILE = "29e06489-3173-45a2-b043-85cece555ace";
				PROVISIONING_PROFILE_SPECIFIER = "santhera-dev";
				SWIFT_OPTIMIZATION_LEVEL = "-Onone";
				SWIFT_VERSION = 4.0;
				TARGETED_DEVICE_FAMILY = "1,2";
			};
			name = Debug;
		};
		274D09B42099F29200765337 /* InHouse */ = {
			isa = XCBuildConfiguration;
			baseConfigurationReference = 1C9F21C47809DA59B38CBCBC /* Pods-Santhera.inhouse.xcconfig */;
			buildSettings = {
				ASSETCATALOG_COMPILER_APPICON_NAME = AppIcon;
				CLANG_ENABLE_MODULES = YES;
				CODE_SIGN_IDENTITY = "iPhone Distribution";
				CODE_SIGN_STYLE = Manual;
				CURRENT_PROJECT_VERSION = 0;
				DEVELOPMENT_TEAM = VLMBA8Q5QL;
				FRAMEWORK_SEARCH_PATHS = (
					"$(inherited)",
					"$(PROJECT_DIR)",
					"$(PROJECT_DIR)/Santhera",
				);
				INFOPLIST_FILE = Santhera/Info.plist;
				IPHONEOS_DEPLOYMENT_TARGET = 11.0;
				LD_RUNPATH_SEARCH_PATHS = (
					"$(inherited)",
					"@executable_path/Frameworks",
				);
				PRODUCT_BUNDLE_IDENTIFIER = com.wopata.santhera;
				PRODUCT_NAME = "$(TARGET_NAME)";
				PROVISIONING_PROFILE = "be8ea12b-89d6-4bc4-89ac-50e075f5d9f2";
				PROVISIONING_PROFILE_SPECIFIER = "Santhera InHouse Distribution";
				SWIFT_VERSION = 4.0;
				TARGETED_DEVICE_FAMILY = "1,2";
			};
			name = InHouse;
		};
		EA5227FD20BFEAEE00752C29 /* Release */ = {
			isa = XCBuildConfiguration;
			buildSettings = {
				ALWAYS_SEARCH_USER_PATHS = NO;
				CLANG_ANALYZER_LOCALIZABILITY_NONLOCALIZED = YES;
				CLANG_ANALYZER_NONNULL = YES;
				CLANG_ANALYZER_NUMBER_OBJECT_CONVERSION = YES_AGGRESSIVE;
				CLANG_CXX_LANGUAGE_STANDARD = "gnu++14";
				CLANG_CXX_LIBRARY = "libc++";
				CLANG_ENABLE_MODULES = YES;
				CLANG_ENABLE_OBJC_ARC = YES;
				CLANG_ENABLE_OBJC_WEAK = YES;
				CLANG_WARN_BLOCK_CAPTURE_AUTORELEASING = YES;
				CLANG_WARN_BOOL_CONVERSION = YES;
				CLANG_WARN_COMMA = YES;
				CLANG_WARN_CONSTANT_CONVERSION = YES;
				CLANG_WARN_DEPRECATED_OBJC_IMPLEMENTATIONS = YES;
				CLANG_WARN_DIRECT_OBJC_ISA_USAGE = YES_ERROR;
				CLANG_WARN_DOCUMENTATION_COMMENTS = YES;
				CLANG_WARN_EMPTY_BODY = YES;
				CLANG_WARN_ENUM_CONVERSION = YES;
				CLANG_WARN_INFINITE_RECURSION = YES;
				CLANG_WARN_INT_CONVERSION = YES;
				CLANG_WARN_NON_LITERAL_NULL_CONVERSION = YES;
				CLANG_WARN_OBJC_IMPLICIT_RETAIN_SELF = YES;
				CLANG_WARN_OBJC_LITERAL_CONVERSION = YES;
				CLANG_WARN_OBJC_ROOT_CLASS = YES_ERROR;
				CLANG_WARN_RANGE_LOOP_ANALYSIS = YES;
				CLANG_WARN_STRICT_PROTOTYPES = YES;
				CLANG_WARN_SUSPICIOUS_MOVE = YES;
				CLANG_WARN_UNGUARDED_AVAILABILITY = YES_AGGRESSIVE;
				CLANG_WARN_UNREACHABLE_CODE = YES;
				CLANG_WARN__DUPLICATE_METHOD_MATCH = YES;
				CODE_SIGN_IDENTITY = "iPhone Developer";
				COPY_PHASE_STRIP = NO;
				DEBUG_INFORMATION_FORMAT = "dwarf-with-dsym";
				ENABLE_NS_ASSERTIONS = NO;
				ENABLE_STRICT_OBJC_MSGSEND = YES;
				GCC_C_LANGUAGE_STANDARD = gnu11;
				GCC_NO_COMMON_BLOCKS = YES;
				GCC_PREFIX_HEADER = "$(SRCROOT)/Santhera/PrefixHeader.pch";
				GCC_WARN_64_TO_32_BIT_CONVERSION = YES;
				GCC_WARN_ABOUT_RETURN_TYPE = YES_ERROR;
				GCC_WARN_UNDECLARED_SELECTOR = YES;
				GCC_WARN_UNINITIALIZED_AUTOS = YES_AGGRESSIVE;
				GCC_WARN_UNUSED_FUNCTION = YES;
				GCC_WARN_UNUSED_VARIABLE = YES;
				IPHONEOS_DEPLOYMENT_TARGET = 11.3;
				MTL_ENABLE_DEBUG_INFO = NO;
				SDKROOT = iphoneos;
				SWIFT_COMPILATION_MODE = wholemodule;
				SWIFT_OPTIMIZATION_LEVEL = "-O";
				VALIDATE_PRODUCT = YES;
			};
			name = Release;
		};
		EA5227FE20BFEAEE00752C29 /* Release */ = {
			isa = XCBuildConfiguration;
			baseConfigurationReference = 17E8AA1B5CDD001048630D81 /* Pods-Santhera.release.xcconfig */;
			buildSettings = {
				ASSETCATALOG_COMPILER_APPICON_NAME = AppIcon;
				CLANG_ENABLE_MODULES = YES;
				CODE_SIGN_IDENTITY = "iPhone Distribution";
				CODE_SIGN_STYLE = Manual;
				CURRENT_PROJECT_VERSION = 0;
				DEVELOPMENT_TEAM = VLMBA8Q5QL;
				FRAMEWORK_SEARCH_PATHS = (
					"$(inherited)",
					"$(PROJECT_DIR)",
					"$(PROJECT_DIR)/Santhera",
				);
				INFOPLIST_FILE = Santhera/Info.plist;
				IPHONEOS_DEPLOYMENT_TARGET = 11.0;
				LD_RUNPATH_SEARCH_PATHS = (
					"$(inherited)",
					"@executable_path/Frameworks",
				);
				PRODUCT_BUNDLE_IDENTIFIER = com.wopata.santhera;
				PRODUCT_NAME = "$(TARGET_NAME)";
				PROVISIONING_PROFILE = "be8ea12b-89d6-4bc4-89ac-50e075f5d9f2";
				PROVISIONING_PROFILE_SPECIFIER = "Santhera InHouse Distribution";
				SWIFT_VERSION = 4.0;
				TARGETED_DEVICE_FAMILY = "1,2";
			};
			name = Release;
		};
		EA52280B20BFEFDF00752C29 /* Debug */ = {
			isa = XCBuildConfiguration;
			baseConfigurationReference = 18C618E5233A78CBD09EC62C /* Pods-SantheraTests.debug.xcconfig */;
			buildSettings = {
				BUNDLE_LOADER = "$(TEST_HOST)";
				CODE_SIGN_STYLE = Automatic;
				DEVELOPMENT_TEAM = VLMBA8Q5QL;
				INFOPLIST_FILE = SantheraTests/Info.plist;
				LD_RUNPATH_SEARCH_PATHS = (
					"$(inherited)",
					"@executable_path/Frameworks",
					"@loader_path/Frameworks",
				);
				PRODUCT_BUNDLE_IDENTIFIER = com.wopata.SantheraTests;
				PRODUCT_NAME = "$(TARGET_NAME)";
				SWIFT_VERSION = 4.0;
				TARGETED_DEVICE_FAMILY = "1,2";
				TEST_HOST = "$(BUILT_PRODUCTS_DIR)/Santhera.app/Santhera";
			};
			name = Debug;
		};
		EA52280C20BFEFDF00752C29 /* InHouse */ = {
			isa = XCBuildConfiguration;
			baseConfigurationReference = 0BE4A706A6A6C3FCBF4BD1C8 /* Pods-SantheraTests.inhouse.xcconfig */;
			buildSettings = {
				BUNDLE_LOADER = "$(TEST_HOST)";
				CODE_SIGN_STYLE = Automatic;
				DEVELOPMENT_TEAM = VLMBA8Q5QL;
				INFOPLIST_FILE = SantheraTests/Info.plist;
				LD_RUNPATH_SEARCH_PATHS = (
					"$(inherited)",
					"@executable_path/Frameworks",
					"@loader_path/Frameworks",
				);
				PRODUCT_BUNDLE_IDENTIFIER = com.wopata.SantheraTests;
				PRODUCT_NAME = "$(TARGET_NAME)";
				SWIFT_VERSION = 4.0;
				TARGETED_DEVICE_FAMILY = "1,2";
				TEST_HOST = "$(BUILT_PRODUCTS_DIR)/Santhera.app/Santhera";
			};
			name = InHouse;
		};
		EA52280D20BFEFDF00752C29 /* Release */ = {
			isa = XCBuildConfiguration;
			baseConfigurationReference = E232DC10F5CF1C1E0F36FA48 /* Pods-SantheraTests.release.xcconfig */;
			buildSettings = {
				BUNDLE_LOADER = "$(TEST_HOST)";
				CODE_SIGN_STYLE = Automatic;
				DEVELOPMENT_TEAM = VLMBA8Q5QL;
				INFOPLIST_FILE = SantheraTests/Info.plist;
				LD_RUNPATH_SEARCH_PATHS = (
					"$(inherited)",
					"@executable_path/Frameworks",
					"@loader_path/Frameworks",
				);
				PRODUCT_BUNDLE_IDENTIFIER = com.wopata.SantheraTests;
				PRODUCT_NAME = "$(TARGET_NAME)";
				SWIFT_VERSION = 4.0;
				TARGETED_DEVICE_FAMILY = "1,2";
				TEST_HOST = "$(BUILT_PRODUCTS_DIR)/Santhera.app/Santhera";
			};
			name = Release;
		};
		EA52281A20BFEFF900752C29 /* Debug */ = {
			isa = XCBuildConfiguration;
			baseConfigurationReference = 3F6AF8AFEDF89E932F8445B1 /* Pods-SantheraUITests.debug.xcconfig */;
			buildSettings = {
				CODE_SIGN_STYLE = Automatic;
				DEVELOPMENT_TEAM = VLMBA8Q5QL;
				INFOPLIST_FILE = SantheraUITests/Info.plist;
				LD_RUNPATH_SEARCH_PATHS = (
					"$(inherited)",
					"@executable_path/Frameworks",
					"@loader_path/Frameworks",
				);
				PRODUCT_BUNDLE_IDENTIFIER = com.wopata.SantheraUITests;
				PRODUCT_NAME = "$(TARGET_NAME)";
				PROVISIONING_PROFILE = "be8ea12b-89d6-4bc4-89ac-50e075f5d9f2";
				SWIFT_VERSION = 4.0;
				TARGETED_DEVICE_FAMILY = "1,2";
				TEST_TARGET_NAME = Santhera;
			};
			name = Debug;
		};
		EA52281B20BFEFF900752C29 /* InHouse */ = {
			isa = XCBuildConfiguration;
			baseConfigurationReference = 00B6B005C8FBB8E0E735C2CD /* Pods-SantheraUITests.inhouse.xcconfig */;
			buildSettings = {
				CODE_SIGN_STYLE = Automatic;
				DEVELOPMENT_TEAM = VLMBA8Q5QL;
				INFOPLIST_FILE = SantheraUITests/Info.plist;
				LD_RUNPATH_SEARCH_PATHS = (
					"$(inherited)",
					"@executable_path/Frameworks",
					"@loader_path/Frameworks",
				);
				PRODUCT_BUNDLE_IDENTIFIER = com.wopata.SantheraUITests;
				PRODUCT_NAME = "$(TARGET_NAME)";
				PROVISIONING_PROFILE = "be8ea12b-89d6-4bc4-89ac-50e075f5d9f2";
				SWIFT_VERSION = 4.0;
				TARGETED_DEVICE_FAMILY = "1,2";
				TEST_TARGET_NAME = Santhera;
			};
			name = InHouse;
		};
		EA52281C20BFEFF900752C29 /* Release */ = {
			isa = XCBuildConfiguration;
			baseConfigurationReference = 59956EEB0D2350D1F0E3DE0A /* Pods-SantheraUITests.release.xcconfig */;
			buildSettings = {
				CODE_SIGN_STYLE = Automatic;
				DEVELOPMENT_TEAM = VLMBA8Q5QL;
				INFOPLIST_FILE = SantheraUITests/Info.plist;
				LD_RUNPATH_SEARCH_PATHS = (
					"$(inherited)",
					"@executable_path/Frameworks",
					"@loader_path/Frameworks",
				);
				PRODUCT_BUNDLE_IDENTIFIER = com.wopata.SantheraUITests;
				PRODUCT_NAME = "$(TARGET_NAME)";
				PROVISIONING_PROFILE = "be8ea12b-89d6-4bc4-89ac-50e075f5d9f2";
				SWIFT_VERSION = 4.0;
				TARGETED_DEVICE_FAMILY = "1,2";
				TEST_TARGET_NAME = Santhera;
			};
			name = Release;
		};
/* End XCBuildConfiguration section */

/* Begin XCConfigurationList section */
		274D099B2099F29000765337 /* Build configuration list for PBXProject "Santhera" */ = {
			isa = XCConfigurationList;
			buildConfigurations = (
				274D09B02099F29200765337 /* Debug */,
				274D09B12099F29200765337 /* InHouse */,
				EA5227FD20BFEAEE00752C29 /* Release */,
			);
			defaultConfigurationIsVisible = 0;
			defaultConfigurationName = Release;
		};
		274D09B22099F29200765337 /* Build configuration list for PBXNativeTarget "Santhera" */ = {
			isa = XCConfigurationList;
			buildConfigurations = (
				274D09B32099F29200765337 /* Debug */,
				274D09B42099F29200765337 /* InHouse */,
				EA5227FE20BFEAEE00752C29 /* Release */,
			);
			defaultConfigurationIsVisible = 0;
			defaultConfigurationName = Release;
		};
		EA52280A20BFEFDF00752C29 /* Build configuration list for PBXNativeTarget "SantheraTests" */ = {
			isa = XCConfigurationList;
			buildConfigurations = (
				EA52280B20BFEFDF00752C29 /* Debug */,
				EA52280C20BFEFDF00752C29 /* InHouse */,
				EA52280D20BFEFDF00752C29 /* Release */,
			);
			defaultConfigurationIsVisible = 0;
			defaultConfigurationName = Release;
		};
		EA52281920BFEFF900752C29 /* Build configuration list for PBXNativeTarget "SantheraUITests" */ = {
			isa = XCConfigurationList;
			buildConfigurations = (
				EA52281A20BFEFF900752C29 /* Debug */,
				EA52281B20BFEFF900752C29 /* InHouse */,
				EA52281C20BFEFF900752C29 /* Release */,
			);
			defaultConfigurationIsVisible = 0;
			defaultConfigurationName = Release;
		};
/* End XCConfigurationList section */
	};
	rootObject = 274D09982099F29000765337 /* Project object */;
}
